Microsoft Visual Studio Solution File, Format Version 11.00
# Visual Studio 2008

Project("{25644459-58FE-C2B2-FBCA-E18EC74A2D11}") = "modelled_unity_editor", "Assembly-CSharp.csproj", "{CF4C311C-E049-0C5C-6DA8-D0FDA0BC2E5A}"
EndProject
Project("{25644459-58FE-C2B2-FBCA-E18EC74A2D11}") = "modelled_unity_editor", "Assembly-CSharp-Editor.csproj", "{A67A9BE1-0617-02DF-46CA-52717CFC5151}"
EndProject
Global
	GlobalSection(SolutionConfigurationPlatforms) = preSolution
		Debug|Any CPU = Debug|Any CPU
		Release|Any CPU = Release|Any CPU
	EndGlobalSection
	GlobalSection(ProjectConfigurationPlatforms) = postSolution
		{CF4C311C-E049-0C5C-6DA8-D0FDA0BC2E5A}.Debug|Any CPU.ActiveCfg = Debug|Any CPU
		{CF4C311C-E049-0C5C-6DA8-D0FDA0BC2E5A}.Debug|Any CPU.Build.0 = Debug|Any CPU
		{CF4C311C-E049-0C5C-6DA8-D0FDA0BC2E5A}.Release|Any CPU.ActiveCfg = Release|Any CPU
		{CF4C311C-E049-0C5C-6DA8-D0FDA0BC2E5A}.Release|Any CPU.Build.0 = Release|Any CPU
		{A67A9BE1-0617-02DF-46CA-52717CFC5151}.Debug|Any CPU.ActiveCfg = Debug|Any CPU
		{A67A9BE1-0617-02DF-46CA-52717CFC5151}.Debug|Any CPU.Build.0 = Debug|Any CPU
		{A67A9BE1-0617-02DF-46CA-52717CFC5151}.Release|Any CPU.ActiveCfg = Release|Any CPU
		{A67A9BE1-0617-02DF-46CA-52717CFC5151}.Release|Any CPU.Build.0 = Release|Any CPU
	EndGlobalSection
	GlobalSection(SolutionProperties) = preSolution
		HideSolutionNode = FALSE
	EndGlobalSection
																																																																																																																																																																																																																																																																																																																																																																												GlobalSection(MonoDevelopProperties) = preSolution
		StartupItem = Assembly-CSharp.csproj
		Policies = $0
		$0.TextStylePolicy = $1
		$1.inheritsSet = VisualStudio
		$1.inheritsScope = text/plain
		$1.scope = text/x-csharp
		$0.CSharpFormattingPolicy = $2
		$2.IndentSwitchBody = True
		$2.AnonymousMethodBraceStyle = NextLine
		$2.PropertyBraceStyle = NextLine
		$2.PropertyGetBraceStyle = NextLine
		$2.PropertySetBraceStyle = NextLine
		$2.EventBraceStyle = NextLine
		$2.EventAddBraceStyle = NextLine
		$2.EventRemoveBraceStyle = NextLine
		$2.StatementBraceStyle = NextLine
		$2.ArrayInitializerBraceStyle = NextLine
		$2.BeforeMethodDeclarationParentheses = False
		$2.BeforeMethodCallParentheses = False
		$2.BeforeConstructorDeclarationParentheses = False
		$2.BeforeDelegateDeclarationParentheses = False
		$2.NewParentheses = False
		$2.inheritsSet = Mono
		$2.inheritsScope = text/x-csharp
		$2.scope = text/x-csharp
		$0.TextStylePolicy = $3
		$3.FileWidth = 120
		$3.TabWidth = 4
		$3.EolMarker = Unix
		$3.inheritsSet = Mono
		$3.inheritsScope = text/plain
		$3.scope = text/plain
		$0.TextStylePolicy = $4
		$4.FileWidth = 120
		$4.EolMarker = Unix
		$4.inheritsSet = VisualStudio
		$4.inheritsScope = text/plain
		$4.scope = application/xml
		$0.XmlFormattingPolicy = $5
		$5.inheritsSet = Mono
		$5.inheritsScope = application/xml
		$5.scope = application/xml
	EndGlobalSection

EndGlobal
